
Microsoft Visual Studio Solution File, Format Version 12.00
# Visual Studio Version 16
VisualStudioVersion = 16.0.33927.289
MinimumVisualStudioVersion = 10.0.40219.1
Project("{2150E333-8FDC-42A3-9474-1A3956D46DE8}") = "Task0", "Task0", "{1569D9D2-D00C-4817-A65C-B320389B6F0E}"
EndProject
Project("{FAE04EC0-301F-11D3-BF4B-00C04F79EFBC}") = "Tyuiu.KarpovAA.Sprint3.Task0.V22", "Tyuiu.KarpovAA.Sprint3.Task0.V22\Tyuiu.KarpovAA.Sprint3.Task0.V22.csproj", "{E8AD20DC-4673-4C7B-9750-E265271050D5}"
EndProject
Project("{FAE04EC0-301F-11D3-BF4B-00C04F79EFBC}") = "Tyuiu.KarpovAA.Sprint3.Task0.V22.Lib", "Tyuiu.KarpovAA.Sprint3.Task0.V22.Lib\Tyuiu.KarpovAA.Sprint3.Task0.V22.Lib.csproj", "{873425D0-7F1D-4F27-8212-856B8B5188FC}"
EndProject
Project("{FAE04EC0-301F-11D3-BF4B-00C04F79EFBC}") = "Tyuiu.KarpovAA.Sprint3.Task0.V22.Test", "Tyuiu.KarpovAA.Sprint3.Task0.V22.Test\Tyuiu.KarpovAA.Sprint3.Task0.V22.Test.csproj", "{E40C17BC-4AC2-4FD0-B076-5F6F0D8295C7}"
EndProject
Project("{2150E333-8FDC-42A3-9474-1A3956D46DE8}") = "Task1", "Task1", "{F06AF094-53AC-4EB5-AAC1-6470B7D94130}"
EndProject
Project("{FAE04EC0-301F-11D3-BF4B-00C04F79EFBC}") = "Tyuiu.KarpovAA.Sprint3.Task1.V30", "Tyuiu.KarpovAA.Sprint3.Task1.V30\Tyuiu.KarpovAA.Sprint3.Task1.V30.csproj", "{AB39C963-95DA-48CF-B3C4-7E97E72024A1}"
EndProject
Project("{FAE04EC0-301F-11D3-BF4B-00C04F79EFBC}") = "Tyuiu.KarpovAA.Sprint3.Task1.V30.Lib", "Tyuiu.KarpovAA.Sprint3.Task1.V30.Lib\Tyuiu.KarpovAA.Sprint3.Task1.V30.Lib.csproj", "{999BB805-592D-45EA-AC0D-01BAA4902E09}"
EndProject
Project("{FAE04EC0-301F-11D3-BF4B-00C04F79EFBC}") = "Tyuiu.KarpovAA.Sprint3.Task1.V30.Test", "Tyuiu.KarpovAA.Sprint3.Task1.V30.Test\Tyuiu.KarpovAA.Sprint3.Task1.V30.Test.csproj", "{A6757F07-B123-4120-9EDA-5F13663B08F0}"
EndProject
Project("{2150E333-8FDC-42A3-9474-1A3956D46DE8}") = "Task2", "Task2", "{B9DFF157-8EB9-4E1A-A22A-B2F4157BCAD0}"
EndProject
Project("{FAE04EC0-301F-11D3-BF4B-00C04F79EFBC}") = "Tyuiu.KarpovAA.Sprint3.Task2.V21", "Tyuiu.KarpovAA.Sprint3.Task2.V21\Tyuiu.KarpovAA.Sprint3.Task2.V21.csproj", "{01726ABB-846C-4533-BD6B-F62003B5B258}"
EndProject
Project("{FAE04EC0-301F-11D3-BF4B-00C04F79EFBC}") = "Tyuiu.KarpovAA.Sprint3.Task2.V21.Lib", "Tyuiu.KarpovAA.Sprint3.Task2.V21.Lib\Tyuiu.KarpovAA.Sprint3.Task2.V21.Lib.csproj", "{82409B8E-B280-47CB-94B0-37DCEB73C485}"
EndProject
Project("{FAE04EC0-301F-11D3-BF4B-00C04F79EFBC}") = "Tyuiu.KarpovAA.Sprint3.Task2.V21.Test", "Tyuiu.KarpovAA.Sprint3.Task2.V21.Test\Tyuiu.KarpovAA.Sprint3.Task2.V21.Test.csproj", "{0DD7F87F-29A4-4643-B105-C880442FFE32}"
EndProject
Global
	GlobalSection(SolutionConfigurationPlatforms) = preSolution
		Debug|Any CPU = Debug|Any CPU
		Release|Any CPU = Release|Any CPU
	EndGlobalSection
	GlobalSection(ProjectConfigurationPlatforms) = postSolution
		{E8AD20DC-4673-4C7B-9750-E265271050D5}.Debug|Any CPU.ActiveCfg = Debug|Any CPU
		{E8AD20DC-4673-4C7B-9750-E265271050D5}.Debug|Any CPU.Build.0 = Debug|Any CPU
		{E8AD20DC-4673-4C7B-9750-E265271050D5}.Release|Any CPU.ActiveCfg = Release|Any CPU
		{E8AD20DC-4673-4C7B-9750-E265271050D5}.Release|Any CPU.Build.0 = Release|Any CPU
		{873425D0-7F1D-4F27-8212-856B8B5188FC}.Debug|Any CPU.ActiveCfg = Debug|Any CPU
		{873425D0-7F1D-4F27-8212-856B8B5188FC}.Debug|Any CPU.Build.0 = Debug|Any CPU
		{873425D0-7F1D-4F27-8212-856B8B5188FC}.Release|Any CPU.ActiveCfg = Release|Any CPU
		{873425D0-7F1D-4F27-8212-856B8B5188FC}.Release|Any CPU.Build.0 = Release|Any CPU
		{E40C17BC-4AC2-4FD0-B076-5F6F0D8295C7}.Debug|Any CPU.ActiveCfg = Debug|Any CPU
		{E40C17BC-4AC2-4FD0-B076-5F6F0D8295C7}.Debug|Any CPU.Build.0 = Debug|Any CPU
		{E40C17BC-4AC2-4FD0-B076-5F6F0D8295C7}.Release|Any CPU.ActiveCfg = Release|Any CPU
		{E40C17BC-4AC2-4FD0-B076-5F6F0D8295C7}.Release|Any CPU.Build.0 = Release|Any CPU
		{AB39C963-95DA-48CF-B3C4-7E97E72024A1}.Debug|Any CPU.ActiveCfg = Debug|Any CPU
		{AB39C963-95DA-48CF-B3C4-7E97E72024A1}.Debug|Any CPU.Build.0 = Debug|Any CPU
		{AB39C963-95DA-48CF-B3C4-7E97E72024A1}.Release|Any CPU.ActiveCfg = Release|Any CPU
		{AB39C963-95DA-48CF-B3C4-7E97E72024A1}.Release|Any CPU.Build.0 = Release|Any CPU
		{999BB805-592D-45EA-AC0D-01BAA4902E09}.Debug|Any CPU.ActiveCfg = Debug|Any CPU
		{999BB805-592D-45EA-AC0D-01BAA4902E09}.Debug|Any CPU.Build.0 = Debug|Any CPU
		{999BB805-592D-45EA-AC0D-01BAA4902E09}.Release|Any CPU.ActiveCfg = Release|Any CPU
		{999BB805-592D-45EA-AC0D-01BAA4902E09}.Release|Any CPU.Build.0 = Release|Any CPU
		{A6757F07-B123-4120-9EDA-5F13663B08F0}.Debug|Any CPU.ActiveCfg = Debug|Any CPU
		{A6757F07-B123-4120-9EDA-5F13663B08F0}.Debug|Any CPU.Build.0 = Debug|Any CPU
		{A6757F07-B123-4120-9EDA-5F13663B08F0}.Release|Any CPU.ActiveCfg = Release|Any CPU
		{A6757F07-B123-4120-9EDA-5F13663B08F0}.Release|Any CPU.Build.0 = Release|Any CPU
		{01726ABB-846C-4533-BD6B-F62003B5B258}.Debug|Any CPU.ActiveCfg = Debug|Any CPU
		{01726ABB-846C-4533-BD6B-F62003B5B258}.Debug|Any CPU.Build.0 = Debug|Any CPU
		{01726ABB-846C-4533-BD6B-F62003B5B258}.Release|Any CPU.ActiveCfg = Release|Any CPU
		{01726ABB-846C-4533-BD6B-F62003B5B258}.Release|Any CPU.Build.0 = Release|Any CPU
		{82409B8E-B280-47CB-94B0-37DCEB73C485}.Debug|Any CPU.ActiveCfg = Debug|Any CPU
		{82409B8E-B280-47CB-94B0-37DCEB73C485}.Debug|Any CPU.Build.0 = Debug|Any CPU
		{82409B8E-B280-47CB-94B0-37DCEB73C485}.Release|Any CPU.ActiveCfg = Release|Any CPU
		{82409B8E-B280-47CB-94B0-37DCEB73C485}.Release|Any CPU.Build.0 = Release|Any CPU
		{0DD7F87F-29A4-4643-B105-C880442FFE32}.Debug|Any CPU.ActiveCfg = Debug|Any CPU
		{0DD7F87F-29A4-4643-B105-C880442FFE32}.Debug|Any CPU.Build.0 = Debug|Any CPU
		{0DD7F87F-29A4-4643-B105-C880442FFE32}.Release|Any CPU.ActiveCfg = Release|Any CPU
		{0DD7F87F-29A4-4643-B105-C880442FFE32}.Release|Any CPU.Build.0 = Release|Any CPU
	EndGlobalSection
	GlobalSection(SolutionProperties) = preSolution
		HideSolutionNode = FALSE
	EndGlobalSection
	GlobalSection(NestedProjects) = preSolution
		{E8AD20DC-4673-4C7B-9750-E265271050D5} = {1569D9D2-D00C-4817-A65C-B320389B6F0E}
		{873425D0-7F1D-4F27-8212-856B8B5188FC} = {1569D9D2-D00C-4817-A65C-B320389B6F0E}
		{E40C17BC-4AC2-4FD0-B076-5F6F0D8295C7} = {1569D9D2-D00C-4817-A65C-B320389B6F0E}
		{AB39C963-95DA-48CF-B3C4-7E97E72024A1} = {F06AF094-53AC-4EB5-AAC1-6470B7D94130}
		{999BB805-592D-45EA-AC0D-01BAA4902E09} = {F06AF094-53AC-4EB5-AAC1-6470B7D94130}
		{A6757F07-B123-4120-9EDA-5F13663B08F0} = {F06AF094-53AC-4EB5-AAC1-6470B7D94130}
		{01726ABB-846C-4533-BD6B-F62003B5B258} = {B9DFF157-8EB9-4E1A-A22A-B2F4157BCAD0}
		{82409B8E-B280-47CB-94B0-37DCEB73C485} = {B9DFF157-8EB9-4E1A-A22A-B2F4157BCAD0}
		{0DD7F87F-29A4-4643-B105-C880442FFE32} = {B9DFF157-8EB9-4E1A-A22A-B2F4157BCAD0}
	EndGlobalSection
	GlobalSection(ExtensibilityGlobals) = postSolution
		SolutionGuid = {CBD511A5-2392-40AA-932B-C9DC4F00FAC3}
	EndGlobalSection
EndGlobal
