
Microsoft Visual Studio Solution File, Format Version 12.00
# Visual Studio Version 16
VisualStudioVersion = 16.0.33927.289
MinimumVisualStudioVersion = 10.0.40219.1
Project("{2150E333-8FDC-42A3-9474-1A3956D46DE8}") = "Task0", "Task0", "{1569D9D2-D00C-4817-A65C-B320389B6F0E}"
EndProject
Project("{FAE04EC0-301F-11D3-BF4B-00C04F79EFBC}") = "Tyuiu.KarpovAA.Sprint3.Task0.V22", "Tyuiu.KarpovAA.Sprint3.Task0.V22\Tyuiu.KarpovAA.Sprint3.Task0.V22.csproj", "{E8AD20DC-4673-4C7B-9750-E265271050D5}"
EndProject
Project("{FAE04EC0-301F-11D3-BF4B-00C04F79EFBC}") = "Tyuiu.KarpovAA.Sprint3.Task0.V22.Lib", "Tyuiu.KarpovAA.Sprint3.Task0.V22.Lib\Tyuiu.KarpovAA.Sprint3.Task0.V22.Lib.csproj", "{873425D0-7F1D-4F27-8212-856B8B5188FC}"
EndProject
Project("{FAE04EC0-301F-11D3-BF4B-00C04F79EFBC}") = "Tyuiu.KarpovAA.Sprint3.Task0.V22.Test", "Tyuiu.KarpovAA.Sprint3.Task0.V22.Test\Tyuiu.KarpovAA.Sprint3.Task0.V22.Test.csproj", "{E40C17BC-4AC2-4FD0-B076-5F6F0D8295C7}"
EndProject
Project("{2150E333-8FDC-42A3-9474-1A3956D46DE8}") = "Task1", "Task1", "{F06AF094-53AC-4EB5-AAC1-6470B7D94130}"
EndProject
Project("{FAE04EC0-301F-11D3-BF4B-00C04F79EFBC}") = "Tyuiu.KarpovAA.Sprint3.Task1.V30", "Tyuiu.KarpovAA.Sprint3.Task1.V30\Tyuiu.KarpovAA.Sprint3.Task1.V30.csproj", "{AB39C963-95DA-48CF-B3C4-7E97E72024A1}"
EndProject
Project("{FAE04EC0-301F-11D3-BF4B-00C04F79EFBC}") = "Tyuiu.KarpovAA.Sprint3.Task1.V30.Lib", "Tyuiu.KarpovAA.Sprint3.Task1.V30.Lib\Tyuiu.KarpovAA.Sprint3.Task1.V30.Lib.csproj", "{999BB805-592D-45EA-AC0D-01BAA4902E09}"
EndProject
Project("{FAE04EC0-301F-11D3-BF4B-00C04F79EFBC}") = "Tyuiu.KarpovAA.Sprint3.Task1.V30.Test", "Tyuiu.KarpovAA.Sprint3.Task1.V30.Test\Tyuiu.KarpovAA.Sprint3.Task1.V30.Test.csproj", "{A6757F07-B123-4120-9EDA-5F13663B08F0}"
EndProject
Project("{2150E333-8FDC-42A3-9474-1A3956D46DE8}") = "Task2", "Task2", "{B9DFF157-8EB9-4E1A-A22A-B2F4157BCAD0}"
EndProject
Project("{FAE04EC0-301F-11D3-BF4B-00C04F79EFBC}") = "Tyuiu.KarpovAA.Sprint3.Task2.V21", "Tyuiu.KarpovAA.Sprint3.Task2.V21\Tyuiu.KarpovAA.Sprint3.Task2.V21.csproj", "{01726ABB-846C-4533-BD6B-F62003B5B258}"
EndProject
Project("{FAE04EC0-301F-11D3-BF4B-00C04F79EFBC}") = "Tyuiu.KarpovAA.Sprint3.Task2.V21.Lib", "Tyuiu.KarpovAA.Sprint3.Task2.V21.Lib\Tyuiu.KarpovAA.Sprint3.Task2.V21.Lib.csproj", "{82409B8E-B280-47CB-94B0-37DCEB73C485}"
EndProject
Project("{FAE04EC0-301F-11D3-BF4B-00C04F79EFBC}") = "Tyuiu.KarpovAA.Sprint3.Task2.V21.Test", "Tyuiu.KarpovAA.Sprint3.Task2.V21.Test\Tyuiu.KarpovAA.Sprint3.Task2.V21.Test.csproj", "{0DD7F87F-29A4-4643-B105-C880442FFE32}"
EndProject
Project("{2150E333-8FDC-42A3-9474-1A3956D46DE8}") = "Task3", "Task3", "{A8023387-C3AB-4769-B993-9CD31075EE10}"
EndProject
Project("{FAE04EC0-301F-11D3-BF4B-00C04F79EFBC}") = "Tyuiu.KarpovAA.Sprint3.Task3.V23", "Tyuiu.KarpovAA.Sprint3.Task3.V23\Tyuiu.KarpovAA.Sprint3.Task3.V23.csproj", "{A3834032-4CB3-4110-B23A-CF7A87981884}"
EndProject
Project("{FAE04EC0-301F-11D3-BF4B-00C04F79EFBC}") = "Tyuiu.KarpovAA.Sprint3.Task3.V23.Lib", "Tyuiu.KarpovAA.Sprint3.Task3.V23.Lib\Tyuiu.KarpovAA.Sprint3.Task3.V23.Lib.csproj", "{9C72F7B1-618D-4F62-9186-C2D4759D931B}"
EndProject
Project("{FAE04EC0-301F-11D3-BF4B-00C04F79EFBC}") = "Tyuiu.KarpovAA.Sprint3.Task3.V23.Test", "Tyuiu.KarpovAA.Sprint3.Task3.V23.Test\Tyuiu.KarpovAA.Sprint3.Task3.V23.Test.csproj", "{84ED7FE1-61E1-481E-B6B9-4797B776408E}"
EndProject
Project("{2150E333-8FDC-42A3-9474-1A3956D46DE8}") = "Task4", "Task4", "{E7C6F508-5B07-48CC-8DA1-AD4507EEB780}"
EndProject
Project("{FAE04EC0-301F-11D3-BF4B-00C04F79EFBC}") = "Tyuiu.KarpovAA.Sprint3.Task4.V8", "Tyuiu.KarpovAA.Sprint3.Task4.V8\Tyuiu.KarpovAA.Sprint3.Task4.V8.csproj", "{810CB968-2806-44C5-A2E3-E26DFD48A609}"
EndProject
Project("{FAE04EC0-301F-11D3-BF4B-00C04F79EFBC}") = "Tyuiu.KarpovAA.Sprint3.Task4.V8.Test", "Tyuiu.KarpovAA.Sprint3.Task4.V8.Test\Tyuiu.KarpovAA.Sprint3.Task4.V8.Test.csproj", "{0C85DD31-4C84-452A-B043-1313EA2CA943}"
EndProject
Project("{FAE04EC0-301F-11D3-BF4B-00C04F79EFBC}") = "Tyuiu.KarpovAA.Sprint3.Task4.V8.Lib", "Tyuiu.KarpovAA.Sprint3.Task4.V8.Lib\Tyuiu.KarpovAA.Sprint3.Task4.V8.Lib.csproj", "{F97ECD5A-270B-462D-AF8F-7362DA966E3F}"
EndProject
Project("{2150E333-8FDC-42A3-9474-1A3956D46DE8}") = "Task5", "Task5", "{744F2670-E076-4922-9BBF-417258F30252}"
EndProject
Project("{FAE04EC0-301F-11D3-BF4B-00C04F79EFBC}") = "Tyuiu.KarpovAA.Sprint3.Task5.V18", "Tyuiu.KarpovAA.Sprint3.Task5.V18\Tyuiu.KarpovAA.Sprint3.Task5.V18.csproj", "{2CECDA95-884E-4AD4-B7A0-F1B7967D0E64}"
EndProject
Project("{FAE04EC0-301F-11D3-BF4B-00C04F79EFBC}") = "Tyuiu.KarpovAA.Sprint3.Task5.V18.Lib", "Tyuiu.KarpovAA.Sprint3.Task5.V18.Lib\Tyuiu.KarpovAA.Sprint3.Task5.V18.Lib.csproj", "{95B6BCAD-4E95-4688-BB9A-D7DA5C9058BE}"
EndProject
Project("{FAE04EC0-301F-11D3-BF4B-00C04F79EFBC}") = "Tyuiu.KarpovAA.Sprint3.Task5.V18.Test", "Tyuiu.KarpovAA.Sprint3.Task5.V18.Test\Tyuiu.KarpovAA.Sprint3.Task5.V18.Test.csproj", "{6642479F-16D9-481C-A1FF-62A87002441C}"
EndProject
Global
	GlobalSection(SolutionConfigurationPlatforms) = preSolution
		Debug|Any CPU = Debug|Any CPU
		Release|Any CPU = Release|Any CPU
	EndGlobalSection
	GlobalSection(ProjectConfigurationPlatforms) = postSolution
		{E8AD20DC-4673-4C7B-9750-E265271050D5}.Debug|Any CPU.ActiveCfg = Debug|Any CPU
		{E8AD20DC-4673-4C7B-9750-E265271050D5}.Debug|Any CPU.Build.0 = Debug|Any CPU
		{E8AD20DC-4673-4C7B-9750-E265271050D5}.Release|Any CPU.ActiveCfg = Release|Any CPU
		{E8AD20DC-4673-4C7B-9750-E265271050D5}.Release|Any CPU.Build.0 = Release|Any CPU
		{873425D0-7F1D-4F27-8212-856B8B5188FC}.Debug|Any CPU.ActiveCfg = Debug|Any CPU
		{873425D0-7F1D-4F27-8212-856B8B5188FC}.Debug|Any CPU.Build.0 = Debug|Any CPU
		{873425D0-7F1D-4F27-8212-856B8B5188FC}.Release|Any CPU.ActiveCfg = Release|Any CPU
		{873425D0-7F1D-4F27-8212-856B8B5188FC}.Release|Any CPU.Build.0 = Release|Any CPU
		{E40C17BC-4AC2-4FD0-B076-5F6F0D8295C7}.Debug|Any CPU.ActiveCfg = Debug|Any CPU
		{E40C17BC-4AC2-4FD0-B076-5F6F0D8295C7}.Debug|Any CPU.Build.0 = Debug|Any CPU
		{E40C17BC-4AC2-4FD0-B076-5F6F0D8295C7}.Release|Any CPU.ActiveCfg = Release|Any CPU
		{E40C17BC-4AC2-4FD0-B076-5F6F0D8295C7}.Release|Any CPU.Build.0 = Release|Any CPU
		{AB39C963-95DA-48CF-B3C4-7E97E72024A1}.Debug|Any CPU.ActiveCfg = Debug|Any CPU
		{AB39C963-95DA-48CF-B3C4-7E97E72024A1}.Debug|Any CPU.Build.0 = Debug|Any CPU
		{AB39C963-95DA-48CF-B3C4-7E97E72024A1}.Release|Any CPU.ActiveCfg = Release|Any CPU
		{AB39C963-95DA-48CF-B3C4-7E97E72024A1}.Release|Any CPU.Build.0 = Release|Any CPU
		{999BB805-592D-45EA-AC0D-01BAA4902E09}.Debug|Any CPU.ActiveCfg = Debug|Any CPU
		{999BB805-592D-45EA-AC0D-01BAA4902E09}.Debug|Any CPU.Build.0 = Debug|Any CPU
		{999BB805-592D-45EA-AC0D-01BAA4902E09}.Release|Any CPU.ActiveCfg = Release|Any CPU
		{999BB805-592D-45EA-AC0D-01BAA4902E09}.Release|Any CPU.Build.0 = Release|Any CPU
		{A6757F07-B123-4120-9EDA-5F13663B08F0}.Debug|Any CPU.ActiveCfg = Debug|Any CPU
		{A6757F07-B123-4120-9EDA-5F13663B08F0}.Debug|Any CPU.Build.0 = Debug|Any CPU
		{A6757F07-B123-4120-9EDA-5F13663B08F0}.Release|Any CPU.ActiveCfg = Release|Any CPU
		{A6757F07-B123-4120-9EDA-5F13663B08F0}.Release|Any CPU.Build.0 = Release|Any CPU
		{01726ABB-846C-4533-BD6B-F62003B5B258}.Debug|Any CPU.ActiveCfg = Debug|Any CPU
		{01726ABB-846C-4533-BD6B-F62003B5B258}.Debug|Any CPU.Build.0 = Debug|Any CPU
		{01726ABB-846C-4533-BD6B-F62003B5B258}.Release|Any CPU.ActiveCfg = Release|Any CPU
		{01726ABB-846C-4533-BD6B-F62003B5B258}.Release|Any CPU.Build.0 = Release|Any CPU
		{82409B8E-B280-47CB-94B0-37DCEB73C485}.Debug|Any CPU.ActiveCfg = Debug|Any CPU
		{82409B8E-B280-47CB-94B0-37DCEB73C485}.Debug|Any CPU.Build.0 = Debug|Any CPU
		{82409B8E-B280-47CB-94B0-37DCEB73C485}.Release|Any CPU.ActiveCfg = Release|Any CPU
		{82409B8E-B280-47CB-94B0-37DCEB73C485}.Release|Any CPU.Build.0 = Release|Any CPU
		{0DD7F87F-29A4-4643-B105-C880442FFE32}.Debug|Any CPU.ActiveCfg = Debug|Any CPU
		{0DD7F87F-29A4-4643-B105-C880442FFE32}.Debug|Any CPU.Build.0 = Debug|Any CPU
		{0DD7F87F-29A4-4643-B105-C880442FFE32}.Release|Any CPU.ActiveCfg = Release|Any CPU
		{0DD7F87F-29A4-4643-B105-C880442FFE32}.Release|Any CPU.Build.0 = Release|Any CPU
		{A3834032-4CB3-4110-B23A-CF7A87981884}.Debug|Any CPU.ActiveCfg = Debug|Any CPU
		{A3834032-4CB3-4110-B23A-CF7A87981884}.Debug|Any CPU.Build.0 = Debug|Any CPU
		{A3834032-4CB3-4110-B23A-CF7A87981884}.Release|Any CPU.ActiveCfg = Release|Any CPU
		{A3834032-4CB3-4110-B23A-CF7A87981884}.Release|Any CPU.Build.0 = Release|Any CPU
		{9C72F7B1-618D-4F62-9186-C2D4759D931B}.Debug|Any CPU.ActiveCfg = Debug|Any CPU
		{9C72F7B1-618D-4F62-9186-C2D4759D931B}.Debug|Any CPU.Build.0 = Debug|Any CPU
		{9C72F7B1-618D-4F62-9186-C2D4759D931B}.Release|Any CPU.ActiveCfg = Release|Any CPU
		{9C72F7B1-618D-4F62-9186-C2D4759D931B}.Release|Any CPU.Build.0 = Release|Any CPU
		{84ED7FE1-61E1-481E-B6B9-4797B776408E}.Debug|Any CPU.ActiveCfg = Debug|Any CPU
		{84ED7FE1-61E1-481E-B6B9-4797B776408E}.Debug|Any CPU.Build.0 = Debug|Any CPU
		{84ED7FE1-61E1-481E-B6B9-4797B776408E}.Release|Any CPU.ActiveCfg = Release|Any CPU
		{84ED7FE1-61E1-481E-B6B9-4797B776408E}.Release|Any CPU.Build.0 = Release|Any CPU
		{810CB968-2806-44C5-A2E3-E26DFD48A609}.Debug|Any CPU.ActiveCfg = Debug|Any CPU
		{810CB968-2806-44C5-A2E3-E26DFD48A609}.Debug|Any CPU.Build.0 = Debug|Any CPU
		{810CB968-2806-44C5-A2E3-E26DFD48A609}.Release|Any CPU.ActiveCfg = Release|Any CPU
		{810CB968-2806-44C5-A2E3-E26DFD48A609}.Release|Any CPU.Build.0 = Release|Any CPU
		{0C85DD31-4C84-452A-B043-1313EA2CA943}.Debug|Any CPU.ActiveCfg = Debug|Any CPU
		{0C85DD31-4C84-452A-B043-1313EA2CA943}.Debug|Any CPU.Build.0 = Debug|Any CPU
		{0C85DD31-4C84-452A-B043-1313EA2CA943}.Release|Any CPU.ActiveCfg = Release|Any CPU
		{0C85DD31-4C84-452A-B043-1313EA2CA943}.Release|Any CPU.Build.0 = Release|Any CPU
		{F97ECD5A-270B-462D-AF8F-7362DA966E3F}.Debug|Any CPU.ActiveCfg = Debug|Any CPU
		{F97ECD5A-270B-462D-AF8F-7362DA966E3F}.Debug|Any CPU.Build.0 = Debug|Any CPU
		{F97ECD5A-270B-462D-AF8F-7362DA966E3F}.Release|Any CPU.ActiveCfg = Release|Any CPU
		{F97ECD5A-270B-462D-AF8F-7362DA966E3F}.Release|Any CPU.Build.0 = Release|Any CPU
		{2CECDA95-884E-4AD4-B7A0-F1B7967D0E64}.Debug|Any CPU.ActiveCfg = Debug|Any CPU
		{2CECDA95-884E-4AD4-B7A0-F1B7967D0E64}.Debug|Any CPU.Build.0 = Debug|Any CPU
		{2CECDA95-884E-4AD4-B7A0-F1B7967D0E64}.Release|Any CPU.ActiveCfg = Release|Any CPU
		{2CECDA95-884E-4AD4-B7A0-F1B7967D0E64}.Release|Any CPU.Build.0 = Release|Any CPU
		{95B6BCAD-4E95-4688-BB9A-D7DA5C9058BE}.Debug|Any CPU.ActiveCfg = Debug|Any CPU
		{95B6BCAD-4E95-4688-BB9A-D7DA5C9058BE}.Debug|Any CPU.Build.0 = Debug|Any CPU
		{95B6BCAD-4E95-4688-BB9A-D7DA5C9058BE}.Release|Any CPU.ActiveCfg = Release|Any CPU
		{95B6BCAD-4E95-4688-BB9A-D7DA5C9058BE}.Release|Any CPU.Build.0 = Release|Any CPU
		{6642479F-16D9-481C-A1FF-62A87002441C}.Debug|Any CPU.ActiveCfg = Debug|Any CPU
		{6642479F-16D9-481C-A1FF-62A87002441C}.Debug|Any CPU.Build.0 = Debug|Any CPU
		{6642479F-16D9-481C-A1FF-62A87002441C}.Release|Any CPU.ActiveCfg = Release|Any CPU
		{6642479F-16D9-481C-A1FF-62A87002441C}.Release|Any CPU.Build.0 = Release|Any CPU
	EndGlobalSection
	GlobalSection(SolutionProperties) = preSolution
		HideSolutionNode = FALSE
	EndGlobalSection
	GlobalSection(NestedProjects) = preSolution
		{E8AD20DC-4673-4C7B-9750-E265271050D5} = {1569D9D2-D00C-4817-A65C-B320389B6F0E}
		{873425D0-7F1D-4F27-8212-856B8B5188FC} = {1569D9D2-D00C-4817-A65C-B320389B6F0E}
		{E40C17BC-4AC2-4FD0-B076-5F6F0D8295C7} = {1569D9D2-D00C-4817-A65C-B320389B6F0E}
		{AB39C963-95DA-48CF-B3C4-7E97E72024A1} = {F06AF094-53AC-4EB5-AAC1-6470B7D94130}
		{999BB805-592D-45EA-AC0D-01BAA4902E09} = {F06AF094-53AC-4EB5-AAC1-6470B7D94130}
		{A6757F07-B123-4120-9EDA-5F13663B08F0} = {F06AF094-53AC-4EB5-AAC1-6470B7D94130}
		{01726ABB-846C-4533-BD6B-F62003B5B258} = {B9DFF157-8EB9-4E1A-A22A-B2F4157BCAD0}
		{82409B8E-B280-47CB-94B0-37DCEB73C485} = {B9DFF157-8EB9-4E1A-A22A-B2F4157BCAD0}
		{0DD7F87F-29A4-4643-B105-C880442FFE32} = {B9DFF157-8EB9-4E1A-A22A-B2F4157BCAD0}
		{A3834032-4CB3-4110-B23A-CF7A87981884} = {A8023387-C3AB-4769-B993-9CD31075EE10}
		{9C72F7B1-618D-4F62-9186-C2D4759D931B} = {A8023387-C3AB-4769-B993-9CD31075EE10}
		{84ED7FE1-61E1-481E-B6B9-4797B776408E} = {A8023387-C3AB-4769-B993-9CD31075EE10}
		{810CB968-2806-44C5-A2E3-E26DFD48A609} = {E7C6F508-5B07-48CC-8DA1-AD4507EEB780}
		{0C85DD31-4C84-452A-B043-1313EA2CA943} = {E7C6F508-5B07-48CC-8DA1-AD4507EEB780}
		{F97ECD5A-270B-462D-AF8F-7362DA966E3F} = {E7C6F508-5B07-48CC-8DA1-AD4507EEB780}
		{2CECDA95-884E-4AD4-B7A0-F1B7967D0E64} = {744F2670-E076-4922-9BBF-417258F30252}
		{95B6BCAD-4E95-4688-BB9A-D7DA5C9058BE} = {744F2670-E076-4922-9BBF-417258F30252}
		{6642479F-16D9-481C-A1FF-62A87002441C} = {744F2670-E076-4922-9BBF-417258F30252}
	EndGlobalSection
	GlobalSection(ExtensibilityGlobals) = postSolution
		SolutionGuid = {CBD511A5-2392-40AA-932B-C9DC4F00FAC3}
	EndGlobalSection
EndGlobal
